
Microsoft Visual Studio Solution File, Format Version 12.00
# Visual Studio Version 16
VisualStudioVersion = 16.0.29613.14
MinimumVisualStudioVersion = 10.0.40219.1
Project("{9A19103F-16F7-4668-BE54-9A1E7A4F7556}") = "Medium", "Medium\Medium.csproj", "{25513287-1871-42BA-BAA6-593F2501F9F7}"
EndProject
Project("{9A19103F-16F7-4668-BE54-9A1E7A4F7556}") = "Medium.Business", "Medium.Business\Medium.Business.csproj", "{094131E6-7C62-43E2-A30A-86A8DF81EAC2}"
EndProject
Project("{9A19103F-16F7-4668-BE54-9A1E7A4F7556}") = "Medium.Business.Contracts", "Medium.Business.Contracts\Medium.Business.Contracts.csproj", "{A06C3E1F-B13F-44D5-9C10-1793ABC436C4}"
EndProject
Project("{9A19103F-16F7-4668-BE54-9A1E7A4F7556}") = "Medium.Data", "Medium.Data\Medium.Data.csproj", "{2619B44F-E7DA-4CD6-85EC-D59B636616CB}"
EndProject
Project("{9A19103F-16F7-4668-BE54-9A1E7A4F7556}") = "Medium.Data.Contracts", "Medium.Data.Contracts\Medium.Data.Contracts.csproj", "{076AF84F-11B3-4DEC-875D-61D4E8DAB2EF}"
EndProject
Project("{9A19103F-16F7-4668-BE54-9A1E7A4F7556}") = "Medium.Common", "Medium.Common\Medium.Common.csproj", "{7F9D2FCF-4FC9-472B-9ECB-0DD230A4D438}"
EndProject
Project("{9A19103F-16F7-4668-BE54-9A1E7A4F7556}") = "Medium.Business.Entities", "Medium.Business.Entities\Medium.Business.Entities.csproj", "{06F1CF3E-AC9F-4C3D-B942-EC23527EAE75}"
EndProject
Project("{FAE04EC0-301F-11D3-BF4B-00C04F79EFBC}") = "Medium.Client.Entities", "Medium.Client.Entities\Medium.Client.Entities.csproj", "{09C993F8-CB1E-43C6-B552-522AB996D060}"
EndProject
Global
	GlobalSection(SolutionConfigurationPlatforms) = preSolution
		Debug|Any CPU = Debug|Any CPU
		Release|Any CPU = Release|Any CPU
	EndGlobalSection
	GlobalSection(ProjectConfigurationPlatforms) = postSolution
		{25513287-1871-42BA-BAA6-593F2501F9F7}.Debug|Any CPU.ActiveCfg = Debug|Any CPU
		{25513287-1871-42BA-BAA6-593F2501F9F7}.Debug|Any CPU.Build.0 = Debug|Any CPU
		{25513287-1871-42BA-BAA6-593F2501F9F7}.Release|Any CPU.ActiveCfg = Release|Any CPU
		{25513287-1871-42BA-BAA6-593F2501F9F7}.Release|Any CPU.Build.0 = Release|Any CPU
		{094131E6-7C62-43E2-A30A-86A8DF81EAC2}.Debug|Any CPU.ActiveCfg = Debug|Any CPU
		{094131E6-7C62-43E2-A30A-86A8DF81EAC2}.Debug|Any CPU.Build.0 = Debug|Any CPU
		{094131E6-7C62-43E2-A30A-86A8DF81EAC2}.Release|Any CPU.ActiveCfg = Release|Any CPU
		{094131E6-7C62-43E2-A30A-86A8DF81EAC2}.Release|Any CPU.Build.0 = Release|Any CPU
		{A06C3E1F-B13F-44D5-9C10-1793ABC436C4}.Debug|Any CPU.ActiveCfg = Debug|Any CPU
		{A06C3E1F-B13F-44D5-9C10-1793ABC436C4}.Debug|Any CPU.Build.0 = Debug|Any CPU
		{A06C3E1F-B13F-44D5-9C10-1793ABC436C4}.Release|Any CPU.ActiveCfg = Release|Any CPU
		{A06C3E1F-B13F-44D5-9C10-1793ABC436C4}.Release|Any CPU.Build.0 = Release|Any CPU
		{2619B44F-E7DA-4CD6-85EC-D59B636616CB}.Debug|Any CPU.ActiveCfg = Debug|Any CPU
		{2619B44F-E7DA-4CD6-85EC-D59B636616CB}.Debug|Any CPU.Build.0 = Debug|Any CPU
		{2619B44F-E7DA-4CD6-85EC-D59B636616CB}.Release|Any CPU.ActiveCfg = Release|Any CPU
		{2619B44F-E7DA-4CD6-85EC-D59B636616CB}.Release|Any CPU.Build.0 = Release|Any CPU
		{076AF84F-11B3-4DEC-875D-61D4E8DAB2EF}.Debug|Any CPU.ActiveCfg = Debug|Any CPU
		{076AF84F-11B3-4DEC-875D-61D4E8DAB2EF}.Debug|Any CPU.Build.0 = Debug|Any CPU
		{076AF84F-11B3-4DEC-875D-61D4E8DAB2EF}.Release|Any CPU.ActiveCfg = Release|Any CPU
		{076AF84F-11B3-4DEC-875D-61D4E8DAB2EF}.Release|Any CPU.Build.0 = Release|Any CPU
		{7F9D2FCF-4FC9-472B-9ECB-0DD230A4D438}.Debug|Any CPU.ActiveCfg = Debug|Any CPU
		{7F9D2FCF-4FC9-472B-9ECB-0DD230A4D438}.Debug|Any CPU.Build.0 = Debug|Any CPU
		{7F9D2FCF-4FC9-472B-9ECB-0DD230A4D438}.Release|Any CPU.ActiveCfg = Release|Any CPU
		{7F9D2FCF-4FC9-472B-9ECB-0DD230A4D438}.Release|Any CPU.Build.0 = Release|Any CPU
		{06F1CF3E-AC9F-4C3D-B942-EC23527EAE75}.Debug|Any CPU.ActiveCfg = Debug|Any CPU
		{06F1CF3E-AC9F-4C3D-B942-EC23527EAE75}.Debug|Any CPU.Build.0 = Debug|Any CPU
		{06F1CF3E-AC9F-4C3D-B942-EC23527EAE75}.Release|Any CPU.ActiveCfg = Release|Any CPU
		{06F1CF3E-AC9F-4C3D-B942-EC23527EAE75}.Release|Any CPU.Build.0 = Release|Any CPU
		{09C993F8-CB1E-43C6-B552-522AB996D060}.Debug|Any CPU.ActiveCfg = Debug|Any CPU
		{09C993F8-CB1E-43C6-B552-522AB996D060}.Debug|Any CPU.Build.0 = Debug|Any CPU
		{09C993F8-CB1E-43C6-B552-522AB996D060}.Release|Any CPU.ActiveCfg = Release|Any CPU
		{09C993F8-CB1E-43C6-B552-522AB996D060}.Release|Any CPU.Build.0 = Release|Any CPU
	EndGlobalSection
	GlobalSection(SolutionProperties) = preSolution
		HideSolutionNode = FALSE
	EndGlobalSection
	GlobalSection(ExtensibilityGlobals) = postSolution
		SolutionGuid = {44DDCDA5-4C82-4BF1-8F88-6CA7957FC2C7}
	EndGlobalSection
EndGlobal
